// !$*UTF8*$!
{
	archiveVersion = 1;
	classes = {
	};
	objectVersion = 55;
	objects = {

/* Begin PBXBuildFile section */
		5F1B73B08A7FA0C91FDEEAE0 /* Pods_FlickyPhotos.framework in Frameworks */ = {isa = PBXBuildFile; fileRef = 44BEA746040A1DA34BEA0607 /* Pods_FlickyPhotos.framework */; };
		D62B51352838B8CA009C0BAF /* PhotoDetailsVC.swift in Sources */ = {isa = PBXBuildFile; fileRef = D62B51342838B8CA009C0BAF /* PhotoDetailsVC.swift */; };
		D66F6A1E28364B1F0042E3D5 /* AppDelegate.swift in Sources */ = {isa = PBXBuildFile; fileRef = D66F6A1D28364B1F0042E3D5 /* AppDelegate.swift */; };
		D66F6A2028364B1F0042E3D5 /* SceneDelegate.swift in Sources */ = {isa = PBXBuildFile; fileRef = D66F6A1F28364B1F0042E3D5 /* SceneDelegate.swift */; };
		D66F6A2228364B1F0042E3D5 /* PhotoListTableVC.swift in Sources */ = {isa = PBXBuildFile; fileRef = D66F6A2128364B1F0042E3D5 /* PhotoListTableVC.swift */; };
		D66F6A2528364B1F0042E3D5 /* Main.storyboard in Resources */ = {isa = PBXBuildFile; fileRef = D66F6A2328364B1F0042E3D5 /* Main.storyboard */; };
		D66F6A2728364B210042E3D5 /* Assets.xcassets in Resources */ = {isa = PBXBuildFile; fileRef = D66F6A2628364B210042E3D5 /* Assets.xcassets */; };
		D66F6A2A28364B210042E3D5 /* LaunchScreen.storyboard in Resources */ = {isa = PBXBuildFile; fileRef = D66F6A2828364B210042E3D5 /* LaunchScreen.storyboard */; };
		D686808628366A76002358F9 /* PhotoCell.swift in Sources */ = {isa = PBXBuildFile; fileRef = D686808428366A76002358F9 /* PhotoCell.swift */; };
		D686808728366A76002358F9 /* PhotoCell.xib in Resources */ = {isa = PBXBuildFile; fileRef = D686808528366A76002358F9 /* PhotoCell.xib */; };
		D686808928366C14002358F9 /* UITableView+ext.swift in Sources */ = {isa = PBXBuildFile; fileRef = D686808828366C14002358F9 /* UITableView+ext.swift */; };
		D686808B28367C51002358F9 /* NetworkManager.swift in Sources */ = {isa = PBXBuildFile; fileRef = D686808A28367C51002358F9 /* NetworkManager.swift */; };
		D686809528369161002358F9 /* Photo.swift in Sources */ = {isa = PBXBuildFile; fileRef = D686809428369161002358F9 /* Photo.swift */; };
		D686809728369696002358F9 /* PhotosModel.swift in Sources */ = {isa = PBXBuildFile; fileRef = D686809628369696002358F9 /* PhotosModel.swift */; };
		D68D7A042837D04100012378 /* ErrorMessages.swift in Sources */ = {isa = PBXBuildFile; fileRef = D68D7A032837D04100012378 /* ErrorMessages.swift */; };
		D68D7A09283813C200012378 /* AdCell.swift in Sources */ = {isa = PBXBuildFile; fileRef = D68D7A07283813C200012378 /* AdCell.swift */; };
		D68D7A0A283813C200012378 /* AdCell.xib in Resources */ = {isa = PBXBuildFile; fileRef = D68D7A08283813C200012378 /* AdCell.xib */; };
		D6A4A51E2838F42900ADE023 /* AdViewController.swift in Sources */ = {isa = PBXBuildFile; fileRef = D6A4A51D2838F42900ADE023 /* AdViewController.swift */; };
		D6A4A526283900CC00ADE023 /* FlickyPhotosTests.swift in Sources */ = {isa = PBXBuildFile; fileRef = D6A4A525283900CC00ADE023 /* FlickyPhotosTests.swift */; };
		D6A4A52D2839013C00ADE023 /* NetworkManagerTest.swift in Sources */ = {isa = PBXBuildFile; fileRef = D6A4A52C2839013C00ADE023 /* NetworkManagerTest.swift */; };
/* End PBXBuildFile section */

/* Begin PBXContainerItemProxy section */
		D6A4A527283900CC00ADE023 /* PBXContainerItemProxy */ = {
			isa = PBXContainerItemProxy;
			containerPortal = D66F6A1228364B1F0042E3D5 /* Project object */;
			proxyType = 1;
			remoteGlobalIDString = D66F6A1928364B1F0042E3D5;
			remoteInfo = FlickyPhotos;
		};
/* End PBXContainerItemProxy section */

/* Begin PBXFileReference section */
		007641C4E3F40B5B2A25CEE4 /* Pods-FlickyPhotos.release.xcconfig */ = {isa = PBXFileReference; includeInIndex = 1; lastKnownFileType = text.xcconfig; name = "Pods-FlickyPhotos.release.xcconfig"; path = "Target Support Files/Pods-FlickyPhotos/Pods-FlickyPhotos.release.xcconfig"; sourceTree = "<group>"; };
		44BEA746040A1DA34BEA0607 /* Pods_FlickyPhotos.framework */ = {isa = PBXFileReference; explicitFileType = wrapper.framework; includeInIndex = 0; path = Pods_FlickyPhotos.framework; sourceTree = BUILT_PRODUCTS_DIR; };
		D62B51342838B8CA009C0BAF /* PhotoDetailsVC.swift */ = {isa = PBXFileReference; lastKnownFileType = sourcecode.swift; path = PhotoDetailsVC.swift; sourceTree = "<group>"; };
		D66F6A1A28364B1F0042E3D5 /* FlickyPhotos.app */ = {isa = PBXFileReference; explicitFileType = wrapper.application; includeInIndex = 0; path = FlickyPhotos.app; sourceTree = BUILT_PRODUCTS_DIR; };
		D66F6A1D28364B1F0042E3D5 /* AppDelegate.swift */ = {isa = PBXFileReference; lastKnownFileType = sourcecode.swift; path = AppDelegate.swift; sourceTree = "<group>"; };
		D66F6A1F28364B1F0042E3D5 /* SceneDelegate.swift */ = {isa = PBXFileReference; lastKnownFileType = sourcecode.swift; path = SceneDelegate.swift; sourceTree = "<group>"; };
		D66F6A2128364B1F0042E3D5 /* PhotoListTableVC.swift */ = {isa = PBXFileReference; lastKnownFileType = sourcecode.swift; path = PhotoListTableVC.swift; sourceTree = "<group>"; };
		D66F6A2428364B1F0042E3D5 /* Base */ = {isa = PBXFileReference; lastKnownFileType = file.storyboard; name = Base; path = Base.lproj/Main.storyboard; sourceTree = "<group>"; };
		D66F6A2628364B210042E3D5 /* Assets.xcassets */ = {isa = PBXFileReference; lastKnownFileType = folder.assetcatalog; path = Assets.xcassets; sourceTree = "<group>"; };
		D66F6A2928364B210042E3D5 /* Base */ = {isa = PBXFileReference; lastKnownFileType = file.storyboard; name = Base; path = Base.lproj/LaunchScreen.storyboard; sourceTree = "<group>"; };
		D66F6A2B28364B210042E3D5 /* Info.plist */ = {isa = PBXFileReference; lastKnownFileType = text.plist.xml; path = Info.plist; sourceTree = "<group>"; };
		D686808428366A76002358F9 /* PhotoCell.swift */ = {isa = PBXFileReference; lastKnownFileType = sourcecode.swift; path = PhotoCell.swift; sourceTree = "<group>"; };
		D686808528366A76002358F9 /* PhotoCell.xib */ = {isa = PBXFileReference; lastKnownFileType = file.xib; path = PhotoCell.xib; sourceTree = "<group>"; };
		D686808828366C14002358F9 /* UITableView+ext.swift */ = {isa = PBXFileReference; lastKnownFileType = sourcecode.swift; path = "UITableView+ext.swift"; sourceTree = "<group>"; };
		D686808A28367C51002358F9 /* NetworkManager.swift */ = {isa = PBXFileReference; lastKnownFileType = sourcecode.swift; path = NetworkManager.swift; sourceTree = "<group>"; };
		D686809428369161002358F9 /* Photo.swift */ = {isa = PBXFileReference; lastKnownFileType = sourcecode.swift; path = Photo.swift; sourceTree = "<group>"; };
		D686809628369696002358F9 /* PhotosModel.swift */ = {isa = PBXFileReference; lastKnownFileType = sourcecode.swift; path = PhotosModel.swift; sourceTree = "<group>"; };
		D68D7A032837D04100012378 /* ErrorMessages.swift */ = {isa = PBXFileReference; lastKnownFileType = sourcecode.swift; path = ErrorMessages.swift; sourceTree = "<group>"; };
		D68D7A07283813C200012378 /* AdCell.swift */ = {isa = PBXFileReference; lastKnownFileType = sourcecode.swift; path = AdCell.swift; sourceTree = "<group>"; };
		D68D7A08283813C200012378 /* AdCell.xib */ = {isa = PBXFileReference; lastKnownFileType = file.xib; path = AdCell.xib; sourceTree = "<group>"; };
		D6A4A51D2838F42900ADE023 /* AdViewController.swift */ = {isa = PBXFileReference; lastKnownFileType = sourcecode.swift; path = AdViewController.swift; sourceTree = "<group>"; };
		D6A4A523283900CC00ADE023 /* FlickyPhotosTests.xctest */ = {isa = PBXFileReference; explicitFileType = wrapper.cfbundle; includeInIndex = 0; path = FlickyPhotosTests.xctest; sourceTree = BUILT_PRODUCTS_DIR; };
		D6A4A525283900CC00ADE023 /* FlickyPhotosTests.swift */ = {isa = PBXFileReference; lastKnownFileType = sourcecode.swift; path = FlickyPhotosTests.swift; sourceTree = "<group>"; };
		D6A4A52C2839013C00ADE023 /* NetworkManagerTest.swift */ = {isa = PBXFileReference; lastKnownFileType = sourcecode.swift; path = NetworkManagerTest.swift; sourceTree = "<group>"; };
		F49CE3B9AB614734F5B06EF9 /* Pods-FlickyPhotos.debug.xcconfig */ = {isa = PBXFileReference; includeInIndex = 1; lastKnownFileType = text.xcconfig; name = "Pods-FlickyPhotos.debug.xcconfig"; path = "Target Support Files/Pods-FlickyPhotos/Pods-FlickyPhotos.debug.xcconfig"; sourceTree = "<group>"; };
/* End PBXFileReference section */

/* Begin PBXFrameworksBuildPhase section */
		D66F6A1728364B1F0042E3D5 /* Frameworks */ = {
			isa = PBXFrameworksBuildPhase;
			buildActionMask = 2147483647;
			files = (
				5F1B73B08A7FA0C91FDEEAE0 /* Pods_FlickyPhotos.framework in Frameworks */,
			);
			runOnlyForDeploymentPostprocessing = 0;
		};
		D6A4A520283900CC00ADE023 /* Frameworks */ = {
			isa = PBXFrameworksBuildPhase;
			buildActionMask = 2147483647;
			files = (
			);
			runOnlyForDeploymentPostprocessing = 0;
		};
/* End PBXFrameworksBuildPhase section */

/* Begin PBXGroup section */
		65B6D72A138F04D3E9CAD08A /* Frameworks */ = {
			isa = PBXGroup;
			children = (
				44BEA746040A1DA34BEA0607 /* Pods_FlickyPhotos.framework */,
			);
			name = Frameworks;
			sourceTree = "<group>";
		};
		7DFC3F295A4186F577C61D55 /* Pods */ = {
			isa = PBXGroup;
			children = (
				F49CE3B9AB614734F5B06EF9 /* Pods-FlickyPhotos.debug.xcconfig */,
				007641C4E3F40B5B2A25CEE4 /* Pods-FlickyPhotos.release.xcconfig */,
			);
			path = Pods;
			sourceTree = "<group>";
		};
		D66F6A1128364B1F0042E3D5 = {
			isa = PBXGroup;
			children = (
				D66F6A1C28364B1F0042E3D5 /* FlickyPhotos */,
				D6A4A524283900CC00ADE023 /* FlickyPhotosTests */,
				D66F6A1B28364B1F0042E3D5 /* Products */,
				7DFC3F295A4186F577C61D55 /* Pods */,
				65B6D72A138F04D3E9CAD08A /* Frameworks */,
			);
			sourceTree = "<group>";
		};
		D66F6A1B28364B1F0042E3D5 /* Products */ = {
			isa = PBXGroup;
			children = (
				D66F6A1A28364B1F0042E3D5 /* FlickyPhotos.app */,
				D6A4A523283900CC00ADE023 /* FlickyPhotosTests.xctest */,
			);
			name = Products;
			sourceTree = "<group>";
		};
		D66F6A1C28364B1F0042E3D5 /* FlickyPhotos */ = {
			isa = PBXGroup;
			children = (
				D686808C28367CA2002358F9 /* support */,
				D68D7A022837D00A00012378 /* Utilities */,
				D686809028367CE4002358F9 /* Extensions */,
				D686808E28367CC7002358F9 /* Managers */,
				D686808D28367CBA002358F9 /* Model */,
				D686808F28367CD4002358F9 /* CustomeViews */,
				D686809228367D59002358F9 /* Screens */,
				D66F6A2B28364B210042E3D5 /* Info.plist */,
			);
			path = FlickyPhotos;
			sourceTree = "<group>";
		};
		D686808C28367CA2002358F9 /* support */ = {
			isa = PBXGroup;
			children = (
				D66F6A1D28364B1F0042E3D5 /* AppDelegate.swift */,
				D66F6A1F28364B1F0042E3D5 /* SceneDelegate.swift */,
				D66F6A2628364B210042E3D5 /* Assets.xcassets */,
			);
			path = support;
			sourceTree = "<group>";
		};
		D686808D28367CBA002358F9 /* Model */ = {
			isa = PBXGroup;
			children = (
				D686809428369161002358F9 /* Photo.swift */,
				D686809628369696002358F9 /* PhotosModel.swift */,
			);
			path = Model;
			sourceTree = "<group>";
		};
		D686808E28367CC7002358F9 /* Managers */ = {
			isa = PBXGroup;
			children = (
				D686808A28367C51002358F9 /* NetworkManager.swift */,
			);
			path = Managers;
			sourceTree = "<group>";
		};
		D686808F28367CD4002358F9 /* CustomeViews */ = {
			isa = PBXGroup;
			children = (
				D686809328367F90002358F9 /* Storyboard */,
				D686809128367D2C002358F9 /* cells */,
			);
			path = CustomeViews;
			sourceTree = "<group>";
		};
		D686809028367CE4002358F9 /* Extensions */ = {
			isa = PBXGroup;
			children = (
				D686808828366C14002358F9 /* UITableView+ext.swift */,
			);
			path = Extensions;
			sourceTree = "<group>";
		};
		D686809128367D2C002358F9 /* cells */ = {
			isa = PBXGroup;
			children = (
				D686808428366A76002358F9 /* PhotoCell.swift */,
				D686808528366A76002358F9 /* PhotoCell.xib */,
				D68D7A07283813C200012378 /* AdCell.swift */,
				D68D7A08283813C200012378 /* AdCell.xib */,
			);
			path = cells;
			sourceTree = "<group>";
		};
		D686809228367D59002358F9 /* Screens */ = {
			isa = PBXGroup;
			children = (
				D66F6A2128364B1F0042E3D5 /* PhotoListTableVC.swift */,
				D62B51342838B8CA009C0BAF /* PhotoDetailsVC.swift */,
				D6A4A51D2838F42900ADE023 /* AdViewController.swift */,
			);
			path = Screens;
			sourceTree = "<group>";
		};
		D686809328367F90002358F9 /* Storyboard */ = {
			isa = PBXGroup;
			children = (
				D66F6A2328364B1F0042E3D5 /* Main.storyboard */,
				D66F6A2828364B210042E3D5 /* LaunchScreen.storyboard */,
			);
			path = Storyboard;
			sourceTree = "<group>";
		};
		D68D7A022837D00A00012378 /* Utilities */ = {
			isa = PBXGroup;
			children = (
				D68D7A032837D04100012378 /* ErrorMessages.swift */,
			);
			path = Utilities;
			sourceTree = "<group>";
		};
		D6A4A524283900CC00ADE023 /* FlickyPhotosTests */ = {
			isa = PBXGroup;
			children = (
				D6A4A52C2839013C00ADE023 /* NetworkManagerTest.swift */,
				D6A4A525283900CC00ADE023 /* FlickyPhotosTests.swift */,
			);
			path = FlickyPhotosTests;
			sourceTree = "<group>";
		};
/* End PBXGroup section */

/* Begin PBXNativeTarget section */
		D66F6A1928364B1F0042E3D5 /* FlickyPhotos */ = {
			isa = PBXNativeTarget;
			buildConfigurationList = D66F6A2E28364B210042E3D5 /* Build configuration list for PBXNativeTarget "FlickyPhotos" */;
			buildPhases = (
				690A3CD715CD595D42C37E76 /* [CP] Check Pods Manifest.lock */,
				D66F6A1628364B1F0042E3D5 /* Sources */,
				D66F6A1728364B1F0042E3D5 /* Frameworks */,
				D66F6A1828364B1F0042E3D5 /* Resources */,
				36652D082C133BA3BA8E5E2A /* [CP] Embed Pods Frameworks */,
			);
			buildRules = (
			);
			dependencies = (
			);
			name = FlickyPhotos;
			productName = FlickyPhotos;
			productReference = D66F6A1A28364B1F0042E3D5 /* FlickyPhotos.app */;
			productType = "com.apple.product-type.application";
		};
		D6A4A522283900CC00ADE023 /* FlickyPhotosTests */ = {
			isa = PBXNativeTarget;
			buildConfigurationList = D6A4A52B283900CC00ADE023 /* Build configuration list for PBXNativeTarget "FlickyPhotosTests" */;
			buildPhases = (
				D6A4A51F283900CC00ADE023 /* Sources */,
				D6A4A520283900CC00ADE023 /* Frameworks */,
				D6A4A521283900CC00ADE023 /* Resources */,
			);
			buildRules = (
			);
			dependencies = (
				D6A4A528283900CC00ADE023 /* PBXTargetDependency */,
			);
			name = FlickyPhotosTests;
			productName = FlickyPhotosTests;
			productReference = D6A4A523283900CC00ADE023 /* FlickyPhotosTests.xctest */;
			productType = "com.apple.product-type.bundle.unit-test";
		};
/* End PBXNativeTarget section */

/* Begin PBXProject section */
		D66F6A1228364B1F0042E3D5 /* Project object */ = {
			isa = PBXProject;
			attributes = {
				BuildIndependentTargetsInParallel = 1;
				LastSwiftUpdateCheck = 1320;
				LastUpgradeCheck = 1320;
				TargetAttributes = {
					D66F6A1928364B1F0042E3D5 = {
						CreatedOnToolsVersion = 13.2.1;
					};
					D6A4A522283900CC00ADE023 = {
						CreatedOnToolsVersion = 13.2.1;
						TestTargetID = D66F6A1928364B1F0042E3D5;
					};
				};
			};
			buildConfigurationList = D66F6A1528364B1F0042E3D5 /* Build configuration list for PBXProject "FlickyPhotos" */;
			compatibilityVersion = "Xcode 13.0";
			developmentRegion = en;
			hasScannedForEncodings = 0;
			knownRegions = (
				en,
				Base,
			);
			mainGroup = D66F6A1128364B1F0042E3D5;
			productRefGroup = D66F6A1B28364B1F0042E3D5 /* Products */;
			projectDirPath = "";
			projectRoot = "";
			targets = (
				D66F6A1928364B1F0042E3D5 /* FlickyPhotos */,
				D6A4A522283900CC00ADE023 /* FlickyPhotosTests */,
			);
		};
/* End PBXProject section */

/* Begin PBXResourcesBuildPhase section */
		D66F6A1828364B1F0042E3D5 /* Resources */ = {
			isa = PBXResourcesBuildPhase;
			buildActionMask = 2147483647;
			files = (
				D686808728366A76002358F9 /* PhotoCell.xib in Resources */,
				D68D7A0A283813C200012378 /* AdCell.xib in Resources */,
				D66F6A2A28364B210042E3D5 /* LaunchScreen.storyboard in Resources */,
				D66F6A2728364B210042E3D5 /* Assets.xcassets in Resources */,
				D66F6A2528364B1F0042E3D5 /* Main.storyboard in Resources */,
			);
			runOnlyForDeploymentPostprocessing = 0;
		};
		D6A4A521283900CC00ADE023 /* Resources */ = {
			isa = PBXResourcesBuildPhase;
			buildActionMask = 2147483647;
			files = (
			);
			runOnlyForDeploymentPostprocessing = 0;
		};
/* End PBXResourcesBuildPhase section */

/* Begin PBXShellScriptBuildPhase section */
		36652D082C133BA3BA8E5E2A /* [CP] Embed Pods Frameworks */ = {
			isa = PBXShellScriptBuildPhase;
			buildActionMask = 2147483647;
			files = (
			);
			inputFileListPaths = (
				"${PODS_ROOT}/Target Support Files/Pods-FlickyPhotos/Pods-FlickyPhotos-frameworks-${CONFIGURATION}-input-files.xcfilelist",
			);
			name = "[CP] Embed Pods Frameworks";
			outputFileListPaths = (
				"${PODS_ROOT}/Target Support Files/Pods-FlickyPhotos/Pods-FlickyPhotos-frameworks-${CONFIGURATION}-output-files.xcfilelist",
			);
			runOnlyForDeploymentPostprocessing = 0;
			shellPath = /bin/sh;
			shellScript = "\"${PODS_ROOT}/Target Support Files/Pods-FlickyPhotos/Pods-FlickyPhotos-frameworks.sh\"\n";
			showEnvVarsInLog = 0;
		};
		690A3CD715CD595D42C37E76 /* [CP] Check Pods Manifest.lock */ = {
			isa = PBXShellScriptBuildPhase;
			buildActionMask = 2147483647;
			files = (
			);
			inputFileListPaths = (
			);
			inputPaths = (
				"${PODS_PODFILE_DIR_PATH}/Podfile.lock",
				"${PODS_ROOT}/Manifest.lock",
			);
			name = "[CP] Check Pods Manifest.lock";
			outputFileListPaths = (
			);
			outputPaths = (
				"$(DERIVED_FILE_DIR)/Pods-FlickyPhotos-checkManifestLockResult.txt",
			);
			runOnlyForDeploymentPostprocessing = 0;
			shellPath = /bin/sh;
			shellScript = "diff \"${PODS_PODFILE_DIR_PATH}/Podfile.lock\" \"${PODS_ROOT}/Manifest.lock\" > /dev/null\nif [ $? != 0 ] ; then\n    # print error to STDERR\n    echo \"error: The sandbox is not in sync with the Podfile.lock. Run 'pod install' or update your CocoaPods installation.\" >&2\n    exit 1\nfi\n# This output is used by Xcode 'outputs' to avoid re-running this script phase.\necho \"SUCCESS\" > \"${SCRIPT_OUTPUT_FILE_0}\"\n";
			showEnvVarsInLog = 0;
		};
/* End PBXShellScriptBuildPhase section */

/* Begin PBXSourcesBuildPhase section */
		D66F6A1628364B1F0042E3D5 /* Sources */ = {
			isa = PBXSourcesBuildPhase;
			buildActionMask = 2147483647;
			files = (
				D686808B28367C51002358F9 /* NetworkManager.swift in Sources */,
				D68D7A09283813C200012378 /* AdCell.swift in Sources */,
				D686808628366A76002358F9 /* PhotoCell.swift in Sources */,
				D686809728369696002358F9 /* PhotosModel.swift in Sources */,
				D686809528369161002358F9 /* Photo.swift in Sources */,
				D62B51352838B8CA009C0BAF /* PhotoDetailsVC.swift in Sources */,
				D66F6A2228364B1F0042E3D5 /* PhotoListTableVC.swift in Sources */,
				D68D7A042837D04100012378 /* ErrorMessages.swift in Sources */,
				D66F6A1E28364B1F0042E3D5 /* AppDelegate.swift in Sources */,
				D6A4A51E2838F42900ADE023 /* AdViewController.swift in Sources */,
				D66F6A2028364B1F0042E3D5 /* SceneDelegate.swift in Sources */,
				D686808928366C14002358F9 /* UITableView+ext.swift in Sources */,
			);
			runOnlyForDeploymentPostprocessing = 0;
		};
		D6A4A51F283900CC00ADE023 /* Sources */ = {
			isa = PBXSourcesBuildPhase;
			buildActionMask = 2147483647;
			files = (
				D6A4A52D2839013C00ADE023 /* NetworkManagerTest.swift in Sources */,
				D6A4A526283900CC00ADE023 /* FlickyPhotosTests.swift in Sources */,
			);
			runOnlyForDeploymentPostprocessing = 0;
		};
/* End PBXSourcesBuildPhase section */

/* Begin PBXTargetDependency section */
		D6A4A528283900CC00ADE023 /* PBXTargetDependency */ = {
			isa = PBXTargetDependency;
			target = D66F6A1928364B1F0042E3D5 /* FlickyPhotos */;
			targetProxy = D6A4A527283900CC00ADE023 /* PBXContainerItemProxy */;
		};
/* End PBXTargetDependency section */

/* Begin PBXVariantGroup section */
		D66F6A2328364B1F0042E3D5 /* Main.storyboard */ = {
			isa = PBXVariantGroup;
			children = (
				D66F6A2428364B1F0042E3D5 /* Base */,
			);
			name = Main.storyboard;
			sourceTree = "<group>";
		};
		D66F6A2828364B210042E3D5 /* LaunchScreen.storyboard */ = {
			isa = PBXVariantGroup;
			children = (
				D66F6A2928364B210042E3D5 /* Base */,
			);
			name = LaunchScreen.storyboard;
			sourceTree = "<group>";
		};
/* End PBXVariantGroup section */

/* Begin XCBuildConfiguration section */
		D66F6A2C28364B210042E3D5 /* Debug */ = {
			isa = XCBuildConfiguration;
			buildSettings = {
				ALWAYS_SEARCH_USER_PATHS = NO;
				CLANG_ANALYZER_NONNULL = YES;
				CLANG_ANALYZER_NUMBER_OBJECT_CONVERSION = YES_AGGRESSIVE;
				CLANG_CXX_LANGUAGE_STANDARD = "gnu++17";
				CLANG_CXX_LIBRARY = "libc++";
				CLANG_ENABLE_MODULES = YES;
				CLANG_ENABLE_OBJC_ARC = YES;
				CLANG_ENABLE_OBJC_WEAK = YES;
				CLANG_WARN_BLOCK_CAPTURE_AUTORELEASING = YES;
				CLANG_WARN_BOOL_CONVERSION = YES;
				CLANG_WARN_COMMA = YES;
				CLANG_WARN_CONSTANT_CONVERSION = YES;
				CLANG_WARN_DEPRECATED_OBJC_IMPLEMENTATIONS = YES;
				CLANG_WARN_DIRECT_OBJC_ISA_USAGE = YES_ERROR;
				CLANG_WARN_DOCUMENTATION_COMMENTS = YES;
				CLANG_WARN_EMPTY_BODY = YES;
				CLANG_WARN_ENUM_CONVERSION = YES;
				CLANG_WARN_INFINITE_RECURSION = YES;
				CLANG_WARN_INT_CONVERSION = YES;
				CLANG_WARN_NON_LITERAL_NULL_CONVERSION = YES;
				CLANG_WARN_OBJC_IMPLICIT_RETAIN_SELF = YES;
				CLANG_WARN_OBJC_LITERAL_CONVERSION = YES;
				CLANG_WARN_OBJC_ROOT_CLASS = YES_ERROR;
				CLANG_WARN_QUOTED_INCLUDE_IN_FRAMEWORK_HEADER = YES;
				CLANG_WARN_RANGE_LOOP_ANALYSIS = YES;
				CLANG_WARN_STRICT_PROTOTYPES = YES;
				CLANG_WARN_SUSPICIOUS_MOVE = YES;
				CLANG_WARN_UNGUARDED_AVAILABILITY = YES_AGGRESSIVE;
				CLANG_WARN_UNREACHABLE_CODE = YES;
				CLANG_WARN__DUPLICATE_METHOD_MATCH = YES;
				COPY_PHASE_STRIP = NO;
				DEBUG_INFORMATION_FORMAT = dwarf;
				ENABLE_STRICT_OBJC_MSGSEND = YES;
				ENABLE_TESTABILITY = YES;
				GCC_C_LANGUAGE_STANDARD = gnu11;
				GCC_DYNAMIC_NO_PIC = NO;
				GCC_NO_COMMON_BLOCKS = YES;
				GCC_OPTIMIZATION_LEVEL = 0;
				GCC_PREPROCESSOR_DEFINITIONS = (
					"DEBUG=1",
					"$(inherited)",
				);
				GCC_WARN_64_TO_32_BIT_CONVERSION = YES;
				GCC_WARN_ABOUT_RETURN_TYPE = YES_ERROR;
				GCC_WARN_UNDECLARED_SELECTOR = YES;
				GCC_WARN_UNINITIALIZED_AUTOS = YES_AGGRESSIVE;
				GCC_WARN_UNUSED_FUNCTION = YES;
				GCC_WARN_UNUSED_VARIABLE = YES;
				IPHONEOS_DEPLOYMENT_TARGET = 15.2;
				MTL_ENABLE_DEBUG_INFO = INCLUDE_SOURCE;
				MTL_FAST_MATH = YES;
				ONLY_ACTIVE_ARCH = YES;
				SDKROOT = iphoneos;
				SWIFT_ACTIVE_COMPILATION_CONDITIONS = DEBUG;
				SWIFT_OPTIMIZATION_LEVEL = "-Onone";
			};
			name = Debug;
		};
		D66F6A2D28364B210042E3D5 /* Release */ = {
			isa = XCBuildConfiguration;
			buildSettings = {
				ALWAYS_SEARCH_USER_PATHS = NO;
				CLANG_ANALYZER_NONNULL = YES;
				CLANG_ANALYZER_NUMBER_OBJECT_CONVERSION = YES_AGGRESSIVE;
				CLANG_CXX_LANGUAGE_STANDARD = "gnu++17";
				CLANG_CXX_LIBRARY = "libc++";
				CLANG_ENABLE_MODULES = YES;
				CLANG_ENABLE_OBJC_ARC = YES;
				CLANG_ENABLE_OBJC_WEAK = YES;
				CLANG_WARN_BLOCK_CAPTURE_AUTORELEASING = YES;
				CLANG_WARN_BOOL_CONVERSION = YES;
				CLANG_WARN_COMMA = YES;
				CLANG_WARN_CONSTANT_CONVERSION = YES;
				CLANG_WARN_DEPRECATED_OBJC_IMPLEMENTATIONS = YES;
				CLANG_WARN_DIRECT_OBJC_ISA_USAGE = YES_ERROR;
				CLANG_WARN_DOCUMENTATION_COMMENTS = YES;
				CLANG_WARN_EMPTY_BODY = YES;
				CLANG_WARN_ENUM_CONVERSION = YES;
				CLANG_WARN_INFINITE_RECURSION = YES;
				CLANG_WARN_INT_CONVERSION = YES;
				CLANG_WARN_NON_LITERAL_NULL_CONVERSION = YES;
				CLANG_WARN_OBJC_IMPLICIT_RETAIN_SELF = YES;
				CLANG_WARN_OBJC_LITERAL_CONVERSION = YES;
				CLANG_WARN_OBJC_ROOT_CLASS = YES_ERROR;
				CLANG_WARN_QUOTED_INCLUDE_IN_FRAMEWORK_HEADER = YES;
				CLANG_WARN_RANGE_LOOP_ANALYSIS = YES;
				CLANG_WARN_STRICT_PROTOTYPES = YES;
				CLANG_WARN_SUSPICIOUS_MOVE = YES;
				CLANG_WARN_UNGUARDED_AVAILABILITY = YES_AGGRESSIVE;
				CLANG_WARN_UNREACHABLE_CODE = YES;
				CLANG_WARN__DUPLICATE_METHOD_MATCH = YES;
				COPY_PHASE_STRIP = NO;
				DEBUG_INFORMATION_FORMAT = "dwarf-with-dsym";
				ENABLE_NS_ASSERTIONS = NO;
				ENABLE_STRICT_OBJC_MSGSEND = YES;
				GCC_C_LANGUAGE_STANDARD = gnu11;
				GCC_NO_COMMON_BLOCKS = YES;
				GCC_WARN_64_TO_32_BIT_CONVERSION = YES;
				GCC_WARN_ABOUT_RETURN_TYPE = YES_ERROR;
				GCC_WARN_UNDECLARED_SELECTOR = YES;
				GCC_WARN_UNINITIALIZED_AUTOS = YES_AGGRESSIVE;
				GCC_WARN_UNUSED_FUNCTION = YES;
				GCC_WARN_UNUSED_VARIABLE = YES;
				IPHONEOS_DEPLOYMENT_TARGET = 15.2;
				MTL_ENABLE_DEBUG_INFO = NO;
				MTL_FAST_MATH = YES;
				SDKROOT = iphoneos;
				SWIFT_COMPILATION_MODE = wholemodule;
				SWIFT_OPTIMIZATION_LEVEL = "-O";
				VALIDATE_PRODUCT = YES;
			};
			name = Release;
		};
		D66F6A2F28364B210042E3D5 /* Debug */ = {
			isa = XCBuildConfiguration;
			baseConfigurationReference = F49CE3B9AB614734F5B06EF9 /* Pods-FlickyPhotos.debug.xcconfig */;
			buildSettings = {
				ASSETCATALOG_COMPILER_APPICON_NAME = AppIcon;
				ASSETCATALOG_COMPILER_GLOBAL_ACCENT_COLOR_NAME = AccentColor;
				CODE_SIGN_STYLE = Automatic;
				CURRENT_PROJECT_VERSION = 1;
				GENERATE_INFOPLIST_FILE = YES;
				INFOPLIST_FILE = FlickyPhotos/Info.plist;
				INFOPLIST_KEY_UIApplicationSupportsIndirectInputEvents = YES;
				INFOPLIST_KEY_UILaunchStoryboardName = LaunchScreen;
				INFOPLIST_KEY_UIMainStoryboardFile = Main;
				INFOPLIST_KEY_UISupportedInterfaceOrientations_iPad = "UIInterfaceOrientationPortrait UIInterfaceOrientationPortraitUpsideDown UIInterfaceOrientationLandscapeLeft UIInterfaceOrientationLandscapeRight";
				INFOPLIST_KEY_UISupportedInterfaceOrientations_iPhone = "UIInterfaceOrientationPortrait UIInterfaceOrientationLandscapeLeft UIInterfaceOrientationLandscapeRight";
				LD_RUNPATH_SEARCH_PATHS = (
					"$(inherited)",
					"@executable_path/Frameworks",
				);
				MARKETING_VERSION = 1.0;
				PRODUCT_BUNDLE_IDENTIFIER = abdallah.FlickyPhotos;
				PRODUCT_NAME = "$(TARGET_NAME)";
				SWIFT_EMIT_LOC_STRINGS = YES;
				SWIFT_VERSION = 5.0;
				TARGETED_DEVICE_FAMILY = "1,2";
			};
			name = Debug;
		};
		D66F6A3028364B210042E3D5 /* Release */ = {
			isa = XCBuildConfiguration;
			baseConfigurationReference = 007641C4E3F40B5B2A25CEE4 /* Pods-FlickyPhotos.release.xcconfig */;
			buildSettings = {
				ASSETCATALOG_COMPILER_APPICON_NAME = AppIcon;
				ASSETCATALOG_COMPILER_GLOBAL_ACCENT_COLOR_NAME = AccentColor;
				CODE_SIGN_STYLE = Automatic;
				CURRENT_PROJECT_VERSION = 1;
				GENERATE_INFOPLIST_FILE = YES;
				INFOPLIST_FILE = FlickyPhotos/Info.plist;
				INFOPLIST_KEY_UIApplicationSupportsIndirectInputEvents = YES;
				INFOPLIST_KEY_UILaunchStoryboardName = LaunchScreen;
				INFOPLIST_KEY_UIMainStoryboardFile = Main;
				INFOPLIST_KEY_UISupportedInterfaceOrientations_iPad = "UIInterfaceOrientationPortrait UIInterfaceOrientationPortraitUpsideDown UIInterfaceOrientationLandscapeLeft UIInterfaceOrientationLandscapeRight";
				INFOPLIST_KEY_UISupportedInterfaceOrientations_iPhone = "UIInterfaceOrientationPortrait UIInterfaceOrientationLandscapeLeft UIInterfaceOrientationLandscapeRight";
				LD_RUNPATH_SEARCH_PATHS = (
					"$(inherited)",
					"@executable_path/Frameworks",
				);
				MARKETING_VERSION = 1.0;
				PRODUCT_BUNDLE_IDENTIFIER = abdallah.FlickyPhotos;
				PRODUCT_NAME = "$(TARGET_NAME)";
				SWIFT_EMIT_LOC_STRINGS = YES;
				SWIFT_VERSION = 5.0;
				TARGETED_DEVICE_FAMILY = "1,2";
			};
			name = Release;
		};
		D6A4A529283900CC00ADE023 /* Debug */ = {
			isa = XCBuildConfiguration;
			buildSettings = {
				BUNDLE_LOADER = "$(TEST_HOST)";
				CODE_SIGN_STYLE = Automatic;
				CURRENT_PROJECT_VERSION = 1;
				GENERATE_INFOPLIST_FILE = YES;
				MARKETING_VERSION = 1.0;
				PRODUCT_BUNDLE_IDENTIFIER = abdallah.FlickyPhotosTests;
				PRODUCT_NAME = "$(TARGET_NAME)";
				SWIFT_EMIT_LOC_STRINGS = NO;
				SWIFT_VERSION = 5.0;
				TARGETED_DEVICE_FAMILY = "1,2";
				TEST_HOST = "$(BUILT_PRODUCTS_DIR)/FlickyPhotos.app/FlickyPhotos";
			};
			name = Debug;
		};
		D6A4A52A283900CC00ADE023 /* Release */ = {
			isa = XCBuildConfiguration;
			buildSettings = {
				BUNDLE_LOADER = "$(TEST_HOST)";
				CODE_SIGN_STYLE = Automatic;
				CURRENT_PROJECT_VERSION = 1;
				GENERATE_INFOPLIST_FILE = YES;
				MARKETING_VERSION = 1.0;
				PRODUCT_BUNDLE_IDENTIFIER = abdallah.FlickyPhotosTests;
				PRODUCT_NAME = "$(TARGET_NAME)";
				SWIFT_EMIT_LOC_STRINGS = NO;
				SWIFT_VERSION = 5.0;
				TARGETED_DEVICE_FAMILY = "1,2";
				TEST_HOST = "$(BUILT_PRODUCTS_DIR)/FlickyPhotos.app/FlickyPhotos";
			};
			name = Release;
		};
/* End XCBuildConfiguration section */

/* Begin XCConfigurationList section */
		D66F6A1528364B1F0042E3D5 /* Build configuration list for PBXProject "FlickyPhotos" */ = {
			isa = XCConfigurationList;
			buildConfigurations = (
				D66F6A2C28364B210042E3D5 /* Debug */,
				D66F6A2D28364B210042E3D5 /* Release */,
			);
			defaultConfigurationIsVisible = 0;
			defaultConfigurationName = Release;
		};
		D66F6A2E28364B210042E3D5 /* Build configuration list for PBXNativeTarget "FlickyPhotos" */ = {
			isa = XCConfigurationList;
			buildConfigurations = (
				D66F6A2F28364B210042E3D5 /* Debug */,
				D66F6A3028364B210042E3D5 /* Release */,
			);
			defaultConfigurationIsVisible = 0;
			defaultConfigurationName = Release;
		};
		D6A4A52B283900CC00ADE023 /* Build configuration list for PBXNativeTarget "FlickyPhotosTests" */ = {
			isa = XCConfigurationList;
			buildConfigurations = (
				D6A4A529283900CC00ADE023 /* Debug */,
				D6A4A52A283900CC00ADE023 /* Release */,
			);
			defaultConfigurationIsVisible = 0;
			defaultConfigurationName = Release;
		};
/* End XCConfigurationList section */
	};
	rootObject = D66F6A1228364B1F0042E3D5 /* Project object */;
}
